
Microsoft Visual Studio Solution File, Format Version 12.00
# Visual Studio Version 17
VisualStudioVersion = 17.5.33502.453
MinimumVisualStudioVersion = 10.0.40219.1
Project("{FAE04EC0-301F-11D3-BF4B-00C04F79EFBC}") = "DOANMONHOC", "DOANMONHOC\DOANMONHOC.csproj", "{BE55FAA2-F2B5-4C23-B4DF-E6E524E87D78}"
EndProject
Global
	GlobalSection(SolutionConfigurationPlatforms) = preSolution
		Debug|Any CPU = Debug|Any CPU
		Release|Any CPU = Release|Any CPU
	EndGlobalSection
	GlobalSection(ProjectConfigurationPlatforms) = postSolution
		{BE55FAA2-F2B5-4C23-B4DF-E6E524E87D78}.Debug|Any CPU.ActiveCfg = Debug|Any CPU
		{BE55FAA2-F2B5-4C23-B4DF-E6E524E87D78}.Debug|Any CPU.Build.0 = Debug|Any CPU
		{BE55FAA2-F2B5-4C23-B4DF-E6E524E87D78}.Release|Any CPU.ActiveCfg = Release|Any CPU
		{BE55FAA2-F2B5-4C23-B4DF-E6E524E87D78}.Release|Any CPU.Build.0 = Release|Any CPU
	EndGlobalSection
	GlobalSection(SolutionProperties) = preSolution
		HideSolutionNode = FALSE
	EndGlobalSection
	GlobalSection(ExtensibilityGlobals) = postSolution
		SolutionGuid = {C3C5BA85-A6AD-43A5-929F-29D6F5C39996}
	EndGlobalSection
EndGlobal
